
Microsoft Visual Studio Solution File, Format Version 12.00
# Visual Studio Version 16
VisualStudioVersion = 16.0.30907.101
MinimumVisualStudioVersion = 10.0.40219.1
Project("{FAE04EC0-301F-11D3-BF4B-00C04F79EFBC}") = "DataAccess", "DataAccess\DataAccess.csproj", "{0E41B290-B852-41BE-8F83-FA74A76514A8}"
EndProject
Project("{FAE04EC0-301F-11D3-BF4B-00C04F79EFBC}") = "Business", "Business\Business.csproj", "{99E41A1A-6505-41DB-9179-B7B3EBBC9B7B}"
EndProject
Project("{FAE04EC0-301F-11D3-BF4B-00C04F79EFBC}") = "Entities", "Entities\Entities.csproj", "{4419DAFD-898F-404A-AB6F-BE64D7D4FBF0}"
EndProject
Project("{FAE04EC0-301F-11D3-BF4B-00C04F79EFBC}") = "ConsoleUI", "ConsoleUI\ConsoleUI.csproj", "{3EDB20B1-974D-4080-834B-A6F4953E64FD}"
EndProject
Project("{FAE04EC0-301F-11D3-BF4B-00C04F79EFBC}") = "Core", "Core\Core.csproj", "{9058E966-F88E-444E-B2E5-7A548DDF2A9F}"
EndProject
Global
	GlobalSection(SolutionConfigurationPlatforms) = preSolution
		Debug|Any CPU = Debug|Any CPU
		Release|Any CPU = Release|Any CPU
	EndGlobalSection
	GlobalSection(ProjectConfigurationPlatforms) = postSolution
		{0E41B290-B852-41BE-8F83-FA74A76514A8}.Debug|Any CPU.ActiveCfg = Debug|Any CPU
		{0E41B290-B852-41BE-8F83-FA74A76514A8}.Debug|Any CPU.Build.0 = Debug|Any CPU
		{0E41B290-B852-41BE-8F83-FA74A76514A8}.Release|Any CPU.ActiveCfg = Release|Any CPU
		{0E41B290-B852-41BE-8F83-FA74A76514A8}.Release|Any CPU.Build.0 = Release|Any CPU
		{99E41A1A-6505-41DB-9179-B7B3EBBC9B7B}.Debug|Any CPU.ActiveCfg = Debug|Any CPU
		{99E41A1A-6505-41DB-9179-B7B3EBBC9B7B}.Debug|Any CPU.Build.0 = Debug|Any CPU
		{99E41A1A-6505-41DB-9179-B7B3EBBC9B7B}.Release|Any CPU.ActiveCfg = Release|Any CPU
		{99E41A1A-6505-41DB-9179-B7B3EBBC9B7B}.Release|Any CPU.Build.0 = Release|Any CPU
		{4419DAFD-898F-404A-AB6F-BE64D7D4FBF0}.Debug|Any CPU.ActiveCfg = Debug|Any CPU
		{4419DAFD-898F-404A-AB6F-BE64D7D4FBF0}.Debug|Any CPU.Build.0 = Debug|Any CPU
		{4419DAFD-898F-404A-AB6F-BE64D7D4FBF0}.Release|Any CPU.ActiveCfg = Release|Any CPU
		{4419DAFD-898F-404A-AB6F-BE64D7D4FBF0}.Release|Any CPU.Build.0 = Release|Any CPU
		{3EDB20B1-974D-4080-834B-A6F4953E64FD}.Debug|Any CPU.ActiveCfg = Debug|Any CPU
		{3EDB20B1-974D-4080-834B-A6F4953E64FD}.Debug|Any CPU.Build.0 = Debug|Any CPU
		{3EDB20B1-974D-4080-834B-A6F4953E64FD}.Release|Any CPU.ActiveCfg = Release|Any CPU
		{3EDB20B1-974D-4080-834B-A6F4953E64FD}.Release|Any CPU.Build.0 = Release|Any CPU
		{9058E966-F88E-444E-B2E5-7A548DDF2A9F}.Debug|Any CPU.ActiveCfg = Debug|Any CPU
		{9058E966-F88E-444E-B2E5-7A548DDF2A9F}.Debug|Any CPU.Build.0 = Debug|Any CPU
		{9058E966-F88E-444E-B2E5-7A548DDF2A9F}.Release|Any CPU.ActiveCfg = Release|Any CPU
		{9058E966-F88E-444E-B2E5-7A548DDF2A9F}.Release|Any CPU.Build.0 = Release|Any CPU
	EndGlobalSection
	GlobalSection(SolutionProperties) = preSolution
		HideSolutionNode = FALSE
	EndGlobalSection
	GlobalSection(ExtensibilityGlobals) = postSolution
		SolutionGuid = {2F73539E-9C27-4EF7-8EE2-7A3283595C7A}
	EndGlobalSection
EndGlobal
