
Microsoft Visual Studio Solution File, Format Version 12.00
# Visual Studio Version 16
VisualStudioVersion = 16.0.31005.135
MinimumVisualStudioVersion = 10.0.40219.1
Project("{FAE04EC0-301F-11D3-BF4B-00C04F79EFBC}") = "DevFramework.Core", "DevFramework.Core\DevFramework.Core.csproj", "{50F38760-3CC4-42DF-90B6-21DAEECF2832}"
EndProject
Project("{FAE04EC0-301F-11D3-BF4B-00C04F79EFBC}") = "DevFramework.Northwind.DataAccess", "DevFramework.DataAccess\DevFramework.Northwind.DataAccess.csproj", "{2D9A2159-1D30-45E8-9C5E-5C241DD0D64E}"
EndProject
Project("{FAE04EC0-301F-11D3-BF4B-00C04F79EFBC}") = "DevFramework.Northwind.Business", "DevFramework.Business\DevFramework.Northwind.Business.csproj", "{CF54B7BD-3FAC-4679-88E7-3569779EA805}"
EndProject
Project("{FAE04EC0-301F-11D3-BF4B-00C04F79EFBC}") = "DevFramework.Northwind.Entities", "DevFramework.Northwind.Entities\DevFramework.Northwind.Entities.csproj", "{446F2A5B-E94B-4906-BD62-8030E79B44B0}"
EndProject
Project("{9A19103F-16F7-4668-BE54-9A1E7A4F7556}") = "DevFramework.Northwind.MvcWebUI", "DevFramework.Northwind.MvcWebUI\DevFramework.Northwind.MvcWebUI.csproj", "{490C2B46-21DC-4C47-AB5C-EBE2987531C5}"
EndProject
Project("{9A19103F-16F7-4668-BE54-9A1E7A4F7556}") = "DevFramework.Northwind.WebApi", "DevFramework.Northwind.WebApi\DevFramework.Northwind.WebApi.csproj", "{93048CE4-F83F-4EF2-8D70-CD2C1C43667F}"
EndProject
Project("{FAE04EC0-301F-11D3-BF4B-00C04F79EFBC}") = "DevFramework.Northwind.Business.Tests", "DevFramework.Northwind.Business.Tests\DevFramework.Northwind.Business.Tests.csproj", "{70AE9D0F-2304-424D-A678-57955C12EFE1}"
EndProject
Project("{FAE04EC0-301F-11D3-BF4B-00C04F79EFBC}") = "DevFramework.Northwind.DataAccess.Tests", "DevFramework.Northwind.DataAccess.Tests\DevFramework.Northwind.DataAccess.Tests.csproj", "{722C508B-635D-496B-9836-126E14B9F652}"
EndProject
Project("{E24C65DC-7377-472B-9ABA-BC803B73C61A}") = "DevFramework.Northwind.WcfService", "DevFramework.Northwind.WcfService\", "{259D0B61-9DCC-49BC-9DED-C9EFA7062889}"
	ProjectSection(WebsiteProperties) = preProject
		TargetFrameworkMoniker = ".NETFramework,Version%3Dv4.7.2"
		Debug.AspNetCompiler.VirtualPath = "/localhost_61168"
		Debug.AspNetCompiler.PhysicalPath = "DevFramework.Northwind.WcfService\"
		Debug.AspNetCompiler.TargetPath = "PrecompiledWeb\localhost_61168\"
		Debug.AspNetCompiler.Updateable = "true"
		Debug.AspNetCompiler.ForceOverwrite = "true"
		Debug.AspNetCompiler.FixedNames = "false"
		Debug.AspNetCompiler.Debug = "True"
		Release.AspNetCompiler.VirtualPath = "/localhost_61168"
		Release.AspNetCompiler.PhysicalPath = "DevFramework.Northwind.WcfService\"
		Release.AspNetCompiler.TargetPath = "PrecompiledWeb\localhost_61168\"
		Release.AspNetCompiler.Updateable = "true"
		Release.AspNetCompiler.ForceOverwrite = "true"
		Release.AspNetCompiler.FixedNames = "false"
		Release.AspNetCompiler.Debug = "False"
		VWDPort = "61168"
		SlnRelativePath = "DevFramework.Northwind.WcfService\"
		DefaultWebSiteLanguage = "Visual C#"
	EndProjectSection
EndProject
Global
	GlobalSection(SolutionConfigurationPlatforms) = preSolution
		Debug|Any CPU = Debug|Any CPU
		Release|Any CPU = Release|Any CPU
	EndGlobalSection
	GlobalSection(ProjectConfigurationPlatforms) = postSolution
		{50F38760-3CC4-42DF-90B6-21DAEECF2832}.Debug|Any CPU.ActiveCfg = Debug|Any CPU
		{50F38760-3CC4-42DF-90B6-21DAEECF2832}.Debug|Any CPU.Build.0 = Debug|Any CPU
		{50F38760-3CC4-42DF-90B6-21DAEECF2832}.Release|Any CPU.ActiveCfg = Release|Any CPU
		{50F38760-3CC4-42DF-90B6-21DAEECF2832}.Release|Any CPU.Build.0 = Release|Any CPU
		{2D9A2159-1D30-45E8-9C5E-5C241DD0D64E}.Debug|Any CPU.ActiveCfg = Debug|Any CPU
		{2D9A2159-1D30-45E8-9C5E-5C241DD0D64E}.Debug|Any CPU.Build.0 = Debug|Any CPU
		{2D9A2159-1D30-45E8-9C5E-5C241DD0D64E}.Release|Any CPU.ActiveCfg = Release|Any CPU
		{2D9A2159-1D30-45E8-9C5E-5C241DD0D64E}.Release|Any CPU.Build.0 = Release|Any CPU
		{CF54B7BD-3FAC-4679-88E7-3569779EA805}.Debug|Any CPU.ActiveCfg = Debug|Any CPU
		{CF54B7BD-3FAC-4679-88E7-3569779EA805}.Debug|Any CPU.Build.0 = Debug|Any CPU
		{CF54B7BD-3FAC-4679-88E7-3569779EA805}.Release|Any CPU.ActiveCfg = Release|Any CPU
		{CF54B7BD-3FAC-4679-88E7-3569779EA805}.Release|Any CPU.Build.0 = Release|Any CPU
		{446F2A5B-E94B-4906-BD62-8030E79B44B0}.Debug|Any CPU.ActiveCfg = Debug|Any CPU
		{446F2A5B-E94B-4906-BD62-8030E79B44B0}.Debug|Any CPU.Build.0 = Debug|Any CPU
		{446F2A5B-E94B-4906-BD62-8030E79B44B0}.Release|Any CPU.ActiveCfg = Release|Any CPU
		{446F2A5B-E94B-4906-BD62-8030E79B44B0}.Release|Any CPU.Build.0 = Release|Any CPU
		{490C2B46-21DC-4C47-AB5C-EBE2987531C5}.Debug|Any CPU.ActiveCfg = Debug|Any CPU
		{490C2B46-21DC-4C47-AB5C-EBE2987531C5}.Debug|Any CPU.Build.0 = Debug|Any CPU
		{490C2B46-21DC-4C47-AB5C-EBE2987531C5}.Release|Any CPU.ActiveCfg = Release|Any CPU
		{490C2B46-21DC-4C47-AB5C-EBE2987531C5}.Release|Any CPU.Build.0 = Release|Any CPU
		{93048CE4-F83F-4EF2-8D70-CD2C1C43667F}.Debug|Any CPU.ActiveCfg = Debug|Any CPU
		{93048CE4-F83F-4EF2-8D70-CD2C1C43667F}.Debug|Any CPU.Build.0 = Debug|Any CPU
		{93048CE4-F83F-4EF2-8D70-CD2C1C43667F}.Release|Any CPU.ActiveCfg = Release|Any CPU
		{93048CE4-F83F-4EF2-8D70-CD2C1C43667F}.Release|Any CPU.Build.0 = Release|Any CPU
		{70AE9D0F-2304-424D-A678-57955C12EFE1}.Debug|Any CPU.ActiveCfg = Debug|Any CPU
		{70AE9D0F-2304-424D-A678-57955C12EFE1}.Debug|Any CPU.Build.0 = Debug|Any CPU
		{70AE9D0F-2304-424D-A678-57955C12EFE1}.Release|Any CPU.ActiveCfg = Release|Any CPU
		{70AE9D0F-2304-424D-A678-57955C12EFE1}.Release|Any CPU.Build.0 = Release|Any CPU
		{722C508B-635D-496B-9836-126E14B9F652}.Debug|Any CPU.ActiveCfg = Debug|Any CPU
		{722C508B-635D-496B-9836-126E14B9F652}.Debug|Any CPU.Build.0 = Debug|Any CPU
		{722C508B-635D-496B-9836-126E14B9F652}.Release|Any CPU.ActiveCfg = Release|Any CPU
		{722C508B-635D-496B-9836-126E14B9F652}.Release|Any CPU.Build.0 = Release|Any CPU
		{259D0B61-9DCC-49BC-9DED-C9EFA7062889}.Debug|Any CPU.ActiveCfg = Debug|Any CPU
		{259D0B61-9DCC-49BC-9DED-C9EFA7062889}.Debug|Any CPU.Build.0 = Debug|Any CPU
		{259D0B61-9DCC-49BC-9DED-C9EFA7062889}.Release|Any CPU.ActiveCfg = Debug|Any CPU
		{259D0B61-9DCC-49BC-9DED-C9EFA7062889}.Release|Any CPU.Build.0 = Debug|Any CPU
	EndGlobalSection
	GlobalSection(SolutionProperties) = preSolution
		HideSolutionNode = FALSE
	EndGlobalSection
	GlobalSection(ExtensibilityGlobals) = postSolution
		SolutionGuid = {02300BD1-B6E9-46E7-85BF-FEC9ED1B0373}
	EndGlobalSection
EndGlobal
