
Microsoft Visual Studio Solution File, Format Version 12.00
# Visual Studio Version 16
VisualStudioVersion = 16.0.30907.101
MinimumVisualStudioVersion = 10.0.40219.1
Project("{FAE04EC0-301F-11D3-BF4B-00C04F79EFBC}") = "Yeni", "Yeni\Yeni.csproj", "{A9935CE4-891C-40F7-ADEB-1EB0F692347B}"
EndProject
Global
	GlobalSection(SolutionConfigurationPlatforms) = preSolution
		Debug|Any CPU = Debug|Any CPU
		Release|Any CPU = Release|Any CPU
	EndGlobalSection
	GlobalSection(ProjectConfigurationPlatforms) = postSolution
		{A9935CE4-891C-40F7-ADEB-1EB0F692347B}.Debug|Any CPU.ActiveCfg = Debug|Any CPU
		{A9935CE4-891C-40F7-ADEB-1EB0F692347B}.Debug|Any CPU.Build.0 = Debug|Any CPU
		{A9935CE4-891C-40F7-ADEB-1EB0F692347B}.Release|Any CPU.ActiveCfg = Release|Any CPU
		{A9935CE4-891C-40F7-ADEB-1EB0F692347B}.Release|Any CPU.Build.0 = Release|Any CPU
	EndGlobalSection
	GlobalSection(SolutionProperties) = preSolution
		HideSolutionNode = FALSE
	EndGlobalSection
	GlobalSection(ExtensibilityGlobals) = postSolution
		SolutionGuid = {AB63F473-A822-4A34-A1F6-B2F1E1C67425}
	EndGlobalSection
EndGlobal
