
Microsoft Visual Studio Solution File, Format Version 12.00
# Visual Studio Version 16
VisualStudioVersion = 16.0.31005.135
MinimumVisualStudioVersion = 10.0.40219.1
Project("{FAE04EC0-301F-11D3-BF4B-00C04F79EFBC}") = "Attributes", "Attributes\Attributes.csproj", "{5CFCD0CA-F202-48F5-BB6E-8E1EB623C9DB}"
EndProject
Project("{FAE04EC0-301F-11D3-BF4B-00C04F79EFBC}") = "Reflections", "Reflections\Reflections.csproj", "{D1EC8DBE-EC50-4FC2-BCF7-8E551CD61762}"
EndProject
Global
	GlobalSection(SolutionConfigurationPlatforms) = preSolution
		Debug|Any CPU = Debug|Any CPU
		Release|Any CPU = Release|Any CPU
	EndGlobalSection
	GlobalSection(ProjectConfigurationPlatforms) = postSolution
		{5CFCD0CA-F202-48F5-BB6E-8E1EB623C9DB}.Debug|Any CPU.ActiveCfg = Debug|Any CPU
		{5CFCD0CA-F202-48F5-BB6E-8E1EB623C9DB}.Debug|Any CPU.Build.0 = Debug|Any CPU
		{5CFCD0CA-F202-48F5-BB6E-8E1EB623C9DB}.Release|Any CPU.ActiveCfg = Release|Any CPU
		{5CFCD0CA-F202-48F5-BB6E-8E1EB623C9DB}.Release|Any CPU.Build.0 = Release|Any CPU
		{D1EC8DBE-EC50-4FC2-BCF7-8E551CD61762}.Debug|Any CPU.ActiveCfg = Debug|Any CPU
		{D1EC8DBE-EC50-4FC2-BCF7-8E551CD61762}.Debug|Any CPU.Build.0 = Debug|Any CPU
		{D1EC8DBE-EC50-4FC2-BCF7-8E551CD61762}.Release|Any CPU.ActiveCfg = Release|Any CPU
		{D1EC8DBE-EC50-4FC2-BCF7-8E551CD61762}.Release|Any CPU.Build.0 = Release|Any CPU
	EndGlobalSection
	GlobalSection(SolutionProperties) = preSolution
		HideSolutionNode = FALSE
	EndGlobalSection
	GlobalSection(ExtensibilityGlobals) = postSolution
		SolutionGuid = {3E34123B-526D-4E40-BEE7-70F8D1CAF82E}
	EndGlobalSection
EndGlobal
