
Microsoft Visual Studio Solution File, Format Version 12.00
# Visual Studio Version 16
VisualStudioVersion = 16.0.31005.135
MinimumVisualStudioVersion = 10.0.40219.1
Project("{FAE04EC0-301F-11D3-BF4B-00C04F79EFBC}") = "AbcDemo.DataAccess", "DataAccess\AbcDemo.DataAccess.csproj", "{0F17A633-06D2-4CF5-A3A1-6433D66DABC6}"
EndProject
Project("{FAE04EC0-301F-11D3-BF4B-00C04F79EFBC}") = "AbcDemo.Business", "AbcDemo.Business\AbcDemo.Business.csproj", "{C0D74173-65F5-41D2-BB9C-83339E221D36}"
EndProject
Project("{FAE04EC0-301F-11D3-BF4B-00C04F79EFBC}") = "AbcDemo.ConsoleUI", "AbcDemo.ConsoleUI\AbcDemo.ConsoleUI.csproj", "{217631C6-0326-4D64-B773-6452403187BE}"
EndProject
Project("{FAE04EC0-301F-11D3-BF4B-00C04F79EFBC}") = "AbcDemo.Entities", "AbcDemo.Entities\AbcDemo.Entities.csproj", "{8A7C24FE-CC30-423A-A61D-FAD9B70B413C}"
EndProject
Project("{FAE04EC0-301F-11D3-BF4B-00C04F79EFBC}") = "Core", "Core\Core.csproj", "{1489ED5D-A2C4-4D4F-8ABB-8AF98741BED3}"
EndProject
Global
	GlobalSection(SolutionConfigurationPlatforms) = preSolution
		Debug|Any CPU = Debug|Any CPU
		Release|Any CPU = Release|Any CPU
	EndGlobalSection
	GlobalSection(ProjectConfigurationPlatforms) = postSolution
		{0F17A633-06D2-4CF5-A3A1-6433D66DABC6}.Debug|Any CPU.ActiveCfg = Debug|Any CPU
		{0F17A633-06D2-4CF5-A3A1-6433D66DABC6}.Debug|Any CPU.Build.0 = Debug|Any CPU
		{0F17A633-06D2-4CF5-A3A1-6433D66DABC6}.Release|Any CPU.ActiveCfg = Release|Any CPU
		{0F17A633-06D2-4CF5-A3A1-6433D66DABC6}.Release|Any CPU.Build.0 = Release|Any CPU
		{C0D74173-65F5-41D2-BB9C-83339E221D36}.Debug|Any CPU.ActiveCfg = Debug|Any CPU
		{C0D74173-65F5-41D2-BB9C-83339E221D36}.Debug|Any CPU.Build.0 = Debug|Any CPU
		{C0D74173-65F5-41D2-BB9C-83339E221D36}.Release|Any CPU.ActiveCfg = Release|Any CPU
		{C0D74173-65F5-41D2-BB9C-83339E221D36}.Release|Any CPU.Build.0 = Release|Any CPU
		{217631C6-0326-4D64-B773-6452403187BE}.Debug|Any CPU.ActiveCfg = Debug|Any CPU
		{217631C6-0326-4D64-B773-6452403187BE}.Debug|Any CPU.Build.0 = Debug|Any CPU
		{217631C6-0326-4D64-B773-6452403187BE}.Release|Any CPU.ActiveCfg = Release|Any CPU
		{217631C6-0326-4D64-B773-6452403187BE}.Release|Any CPU.Build.0 = Release|Any CPU
		{8A7C24FE-CC30-423A-A61D-FAD9B70B413C}.Debug|Any CPU.ActiveCfg = Debug|Any CPU
		{8A7C24FE-CC30-423A-A61D-FAD9B70B413C}.Debug|Any CPU.Build.0 = Debug|Any CPU
		{8A7C24FE-CC30-423A-A61D-FAD9B70B413C}.Release|Any CPU.ActiveCfg = Release|Any CPU
		{8A7C24FE-CC30-423A-A61D-FAD9B70B413C}.Release|Any CPU.Build.0 = Release|Any CPU
		{1489ED5D-A2C4-4D4F-8ABB-8AF98741BED3}.Debug|Any CPU.ActiveCfg = Debug|Any CPU
		{1489ED5D-A2C4-4D4F-8ABB-8AF98741BED3}.Debug|Any CPU.Build.0 = Debug|Any CPU
		{1489ED5D-A2C4-4D4F-8ABB-8AF98741BED3}.Release|Any CPU.ActiveCfg = Release|Any CPU
		{1489ED5D-A2C4-4D4F-8ABB-8AF98741BED3}.Release|Any CPU.Build.0 = Release|Any CPU
	EndGlobalSection
	GlobalSection(SolutionProperties) = preSolution
		HideSolutionNode = FALSE
	EndGlobalSection
	GlobalSection(ExtensibilityGlobals) = postSolution
		SolutionGuid = {03B6EF5B-616F-429E-8AB2-CBB7E3E955E5}
	EndGlobalSection
EndGlobal
